
Microsoft Visual Studio Solution File, Format Version 12.00
# Visual Studio Version 17
VisualStudioVersion = 17.3.32901.215
MinimumVisualStudioVersion = 10.0.40219.1
Project("{FAE04EC0-301F-11D3-BF4B-00C04F79EFBC}") = "test-exp", "test-exp\test-exp.csproj", "{02D3D7BA-E81F-48FB-8F38-B607EBE1B363}"
EndProject
Global
	GlobalSection(SolutionConfigurationPlatforms) = preSolution
		Debug|Any CPU = Debug|Any CPU
		Release|Any CPU = Release|Any CPU
	EndGlobalSection
	GlobalSection(ProjectConfigurationPlatforms) = postSolution
		{02D3D7BA-E81F-48FB-8F38-B607EBE1B363}.Debug|Any CPU.ActiveCfg = Debug|Any CPU
		{02D3D7BA-E81F-48FB-8F38-B607EBE1B363}.Debug|Any CPU.Build.0 = Debug|Any CPU
		{02D3D7BA-E81F-48FB-8F38-B607EBE1B363}.Release|Any CPU.ActiveCfg = Release|Any CPU
		{02D3D7BA-E81F-48FB-8F38-B607EBE1B363}.Release|Any CPU.Build.0 = Release|Any CPU
	EndGlobalSection
	GlobalSection(SolutionProperties) = preSolution
		HideSolutionNode = FALSE
	EndGlobalSection
	GlobalSection(ExtensibilityGlobals) = postSolution
		SolutionGuid = {66794F21-F0F0-417C-935A-1C770EF24563}
	EndGlobalSection
EndGlobal
